
Microsoft Visual Studio Solution File, Format Version 12.00
# Visual Studio Version 17
VisualStudioVersion = 17.5.002.0
MinimumVisualStudioVersion = 10.0.40219.1
Project("{9A19103F-16F7-4668-BE54-9A1E7A4F7556}") = "c_sharp", "c_sharp.csproj", "{BFBEB0E9-CC4F-42EB-8379-5B7F4F9BEDBA}"
EndProject
Global
	GlobalSection(SolutionConfigurationPlatforms) = preSolution
		Debug|Any CPU = Debug|Any CPU
		Release|Any CPU = Release|Any CPU
	EndGlobalSection
	GlobalSection(ProjectConfigurationPlatforms) = postSolution
		{BFBEB0E9-CC4F-42EB-8379-5B7F4F9BEDBA}.Debug|Any CPU.ActiveCfg = Debug|Any CPU
		{BFBEB0E9-CC4F-42EB-8379-5B7F4F9BEDBA}.Debug|Any CPU.Build.0 = Debug|Any CPU
		{BFBEB0E9-CC4F-42EB-8379-5B7F4F9BEDBA}.Release|Any CPU.ActiveCfg = Release|Any CPU
		{BFBEB0E9-CC4F-42EB-8379-5B7F4F9BEDBA}.Release|Any CPU.Build.0 = Release|Any CPU
	EndGlobalSection
	GlobalSection(SolutionProperties) = preSolution
		HideSolutionNode = FALSE
	EndGlobalSection
	GlobalSection(ExtensibilityGlobals) = postSolution
		SolutionGuid = {4490DB1A-8244-4587-A98B-E061AE950362}
	EndGlobalSection
EndGlobal
